
Microsoft Visual Studio Solution File, Format Version 12.00
# Visual Studio Version 16
VisualStudioVersion = 16.0.28922.388
MinimumVisualStudioVersion = 10.0.40219.1
Project("{9A19103F-16F7-4668-BE54-9A1E7A4F7556}") = "MathToolset", "MathToolset\MathToolset.csproj", "{D4DE240E-4D4D-474D-A785-6D3FE85889DD}"
EndProject
Project("{9A19103F-16F7-4668-BE54-9A1E7A4F7556}") = "MathToolsetUnitTests", "MathToolsetUnitTests\MathToolsetUnitTests.csproj", "{FACEBACD-7F40-4053-BE16-34C257E72A54}"
EndProject
Global
	GlobalSection(SolutionConfigurationPlatforms) = preSolution
		Debug|Any CPU = Debug|Any CPU
		Release|Any CPU = Release|Any CPU
	EndGlobalSection
	GlobalSection(ProjectConfigurationPlatforms) = postSolution
		{D4DE240E-4D4D-474D-A785-6D3FE85889DD}.Debug|Any CPU.ActiveCfg = Debug|Any CPU
		{D4DE240E-4D4D-474D-A785-6D3FE85889DD}.Debug|Any CPU.Build.0 = Debug|Any CPU
		{D4DE240E-4D4D-474D-A785-6D3FE85889DD}.Release|Any CPU.ActiveCfg = Release|Any CPU
		{D4DE240E-4D4D-474D-A785-6D3FE85889DD}.Release|Any CPU.Build.0 = Release|Any CPU
		{FACEBACD-7F40-4053-BE16-34C257E72A54}.Debug|Any CPU.ActiveCfg = Debug|Any CPU
		{FACEBACD-7F40-4053-BE16-34C257E72A54}.Debug|Any CPU.Build.0 = Debug|Any CPU
		{FACEBACD-7F40-4053-BE16-34C257E72A54}.Release|Any CPU.ActiveCfg = Release|Any CPU
		{FACEBACD-7F40-4053-BE16-34C257E72A54}.Release|Any CPU.Build.0 = Release|Any CPU
	EndGlobalSection
	GlobalSection(SolutionProperties) = preSolution
		HideSolutionNode = FALSE
	EndGlobalSection
	GlobalSection(ExtensibilityGlobals) = postSolution
		SolutionGuid = {B8D4A3B6-203E-4B76-B4FD-02A5AAC90C2D}
	EndGlobalSection
EndGlobal
