
Microsoft Visual Studio Solution File, Format Version 12.00
# Visual Studio 15
VisualStudioVersion = 15.0.28010.2003
MinimumVisualStudioVersion = 10.0.40219.1
Project("{FAE04EC0-301F-11D3-BF4B-00C04F79EFBC}") = "BobbeyExtensions", "BobbeyExtensions\BobbeyExtensions.csproj", "{32728628-39F6-43EF-BDC9-C3844C0AFBA2}"
EndProject
Project("{FAE04EC0-301F-11D3-BF4B-00C04F79EFBC}") = "ExtensionsUnitTests", "ExtensionsUnitTests\ExtensionsUnitTests.csproj", "{D7F831C4-F33F-4454-84F5-EC77BB7E226A}"
EndProject
Global
	GlobalSection(SolutionConfigurationPlatforms) = preSolution
		Debug|Any CPU = Debug|Any CPU
		Release|Any CPU = Release|Any CPU
	EndGlobalSection
	GlobalSection(ProjectConfigurationPlatforms) = postSolution
		{32728628-39F6-43EF-BDC9-C3844C0AFBA2}.Debug|Any CPU.ActiveCfg = Debug|Any CPU
		{32728628-39F6-43EF-BDC9-C3844C0AFBA2}.Debug|Any CPU.Build.0 = Debug|Any CPU
		{32728628-39F6-43EF-BDC9-C3844C0AFBA2}.Release|Any CPU.ActiveCfg = Release|Any CPU
		{32728628-39F6-43EF-BDC9-C3844C0AFBA2}.Release|Any CPU.Build.0 = Release|Any CPU
		{D7F831C4-F33F-4454-84F5-EC77BB7E226A}.Debug|Any CPU.ActiveCfg = Debug|Any CPU
		{D7F831C4-F33F-4454-84F5-EC77BB7E226A}.Debug|Any CPU.Build.0 = Debug|Any CPU
		{D7F831C4-F33F-4454-84F5-EC77BB7E226A}.Release|Any CPU.ActiveCfg = Release|Any CPU
		{D7F831C4-F33F-4454-84F5-EC77BB7E226A}.Release|Any CPU.Build.0 = Release|Any CPU
	EndGlobalSection
	GlobalSection(SolutionProperties) = preSolution
		HideSolutionNode = FALSE
	EndGlobalSection
	GlobalSection(ExtensibilityGlobals) = postSolution
		SolutionGuid = {B8D4A3B6-203E-4B76-B4FD-02A5AAC90C2D}
	EndGlobalSection
EndGlobal
